
Microsoft Visual Studio Solution File, Format Version 12.00
# Visual Studio Version 17
VisualStudioVersion = 17.4.33103.184
MinimumVisualStudioVersion = 10.0.40219.1
Project("{FAE04EC0-301F-11D3-BF4B-00C04F79EFBC}") = "star", "star\star.csproj", "{5F828192-7CE0-472C-9CD2-37DF966415C0}"
EndProject
Global
	GlobalSection(SolutionConfigurationPlatforms) = preSolution
		Debug|Any CPU = Debug|Any CPU
		Release|Any CPU = Release|Any CPU
	EndGlobalSection
	GlobalSection(ProjectConfigurationPlatforms) = postSolution
		{5F828192-7CE0-472C-9CD2-37DF966415C0}.Debug|Any CPU.ActiveCfg = Debug|Any CPU
		{5F828192-7CE0-472C-9CD2-37DF966415C0}.Debug|Any CPU.Build.0 = Debug|Any CPU
		{5F828192-7CE0-472C-9CD2-37DF966415C0}.Release|Any CPU.ActiveCfg = Release|Any CPU
		{5F828192-7CE0-472C-9CD2-37DF966415C0}.Release|Any CPU.Build.0 = Release|Any CPU
	EndGlobalSection
	GlobalSection(SolutionProperties) = preSolution
		HideSolutionNode = FALSE
	EndGlobalSection
	GlobalSection(ExtensibilityGlobals) = postSolution
		SolutionGuid = {E9B39D6D-6866-4DBD-AC2E-381ED1A9A697}
	EndGlobalSection
EndGlobal
